
Microsoft Visual Studio Solution File, Format Version 12.00
Project("{FAE04EC0-301F-11D3-BF4B-00C04F79EFBC}") = "BI_Dashboard_Webclient", "BI_Dashboard_Webclient\BI_Dashboard_Webclient.csproj", "{4BA9B53C-FF07-4C4B-B1F9-7106EF57A6F1}"
	ProjectSection(ProjectDependencies) = postProject
		{722F85DD-825A-4663-8CB7-CF853C012AA1} = {722F85DD-825A-4663-8CB7-CF853C012AA1}
		{972EED96-4313-47AC-9C42-1473CC713091} = {972EED96-4313-47AC-9C42-1473CC713091}
	EndProjectSection
EndProject
Project("{FAE04EC0-301F-11D3-BF4B-00C04F79EFBC}") = "MinimalApi", "MinimalApi\MinimalApi.csproj", "{AE2D14FD-1AC1-467A-88E3-847002BEFCD2}"
	ProjectSection(ProjectDependencies) = postProject
		{722F85DD-825A-4663-8CB7-CF853C012AA1} = {722F85DD-825A-4663-8CB7-CF853C012AA1}
	EndProjectSection
EndProject
Project("{FAE04EC0-301F-11D3-BF4B-00C04F79EFBC}") = "BI_Core", "BI_Core\BI_Core.csproj", "{722F85DD-825A-4663-8CB7-CF853C012AA1}"
EndProject
Project("{FAE04EC0-301F-11D3-BF4B-00C04F79EFBC}") = "Infrastructure", "Infrastructure\Infrastructure.csproj", "{972EED96-4313-47AC-9C42-1473CC713091}"
EndProject
Project("{FAE04EC0-301F-11D3-BF4B-00C04F79EFBC}") = "MLModel2_WebApi1", "..\MlTestFischer\MLModel2_WebApi1\MLModel2_WebApi1.csproj", "{B0566D17-CFFF-453C-800F-C41A741EE98D}"
EndProject
Global
	GlobalSection(SolutionConfigurationPlatforms) = preSolution
		Debug|Any CPU = Debug|Any CPU
		Release|Any CPU = Release|Any CPU
	EndGlobalSection
	GlobalSection(ProjectConfigurationPlatforms) = postSolution
		{4BA9B53C-FF07-4C4B-B1F9-7106EF57A6F1}.Debug|Any CPU.ActiveCfg = Debug|Any CPU
		{4BA9B53C-FF07-4C4B-B1F9-7106EF57A6F1}.Debug|Any CPU.Build.0 = Debug|Any CPU
		{4BA9B53C-FF07-4C4B-B1F9-7106EF57A6F1}.Release|Any CPU.ActiveCfg = Release|Any CPU
		{4BA9B53C-FF07-4C4B-B1F9-7106EF57A6F1}.Release|Any CPU.Build.0 = Release|Any CPU
		{AE2D14FD-1AC1-467A-88E3-847002BEFCD2}.Debug|Any CPU.ActiveCfg = Debug|Any CPU
		{AE2D14FD-1AC1-467A-88E3-847002BEFCD2}.Debug|Any CPU.Build.0 = Debug|Any CPU
		{AE2D14FD-1AC1-467A-88E3-847002BEFCD2}.Release|Any CPU.ActiveCfg = Release|Any CPU
		{AE2D14FD-1AC1-467A-88E3-847002BEFCD2}.Release|Any CPU.Build.0 = Release|Any CPU
		{722F85DD-825A-4663-8CB7-CF853C012AA1}.Debug|Any CPU.ActiveCfg = Debug|Any CPU
		{722F85DD-825A-4663-8CB7-CF853C012AA1}.Debug|Any CPU.Build.0 = Debug|Any CPU
		{722F85DD-825A-4663-8CB7-CF853C012AA1}.Release|Any CPU.ActiveCfg = Release|Any CPU
		{722F85DD-825A-4663-8CB7-CF853C012AA1}.Release|Any CPU.Build.0 = Release|Any CPU
		{972EED96-4313-47AC-9C42-1473CC713091}.Debug|Any CPU.ActiveCfg = Debug|Any CPU
		{972EED96-4313-47AC-9C42-1473CC713091}.Debug|Any CPU.Build.0 = Debug|Any CPU
		{972EED96-4313-47AC-9C42-1473CC713091}.Release|Any CPU.ActiveCfg = Release|Any CPU
		{972EED96-4313-47AC-9C42-1473CC713091}.Release|Any CPU.Build.0 = Release|Any CPU
		{B0566D17-CFFF-453C-800F-C41A741EE98D}.Debug|Any CPU.ActiveCfg = Debug|Any CPU
		{B0566D17-CFFF-453C-800F-C41A741EE98D}.Debug|Any CPU.Build.0 = Debug|Any CPU
		{B0566D17-CFFF-453C-800F-C41A741EE98D}.Release|Any CPU.ActiveCfg = Release|Any CPU
		{B0566D17-CFFF-453C-800F-C41A741EE98D}.Release|Any CPU.Build.0 = Release|Any CPU
	EndGlobalSection
EndGlobal
